
Microsoft Visual Studio Solution File, Format Version 12.00
# Visual Studio 15
VisualStudioVersion = 15.0.27130.0
MinimumVisualStudioVersion = 10.0.40219.1
Project("{FAE04EC0-301F-11D3-BF4B-00C04F79EFBC}") = "Md5RenamerConsole", "Md5RenamerConsole.csproj", "{EDC6739F-E1D7-485F-95C1-609218EB5D15}"
EndProject
Global
	GlobalSection(SolutionConfigurationPlatforms) = preSolution
		Debug|Any CPU = Debug|Any CPU
		Release|Any CPU = Release|Any CPU
	EndGlobalSection
	GlobalSection(ProjectConfigurationPlatforms) = postSolution
		{EDC6739F-E1D7-485F-95C1-609218EB5D15}.Debug|Any CPU.ActiveCfg = Debug|Any CPU
		{EDC6739F-E1D7-485F-95C1-609218EB5D15}.Debug|Any CPU.Build.0 = Debug|Any CPU
		{EDC6739F-E1D7-485F-95C1-609218EB5D15}.Release|Any CPU.ActiveCfg = Release|Any CPU
		{EDC6739F-E1D7-485F-95C1-609218EB5D15}.Release|Any CPU.Build.0 = Release|Any CPU
	EndGlobalSection
	GlobalSection(SolutionProperties) = preSolution
		HideSolutionNode = FALSE
	EndGlobalSection
	GlobalSection(ExtensibilityGlobals) = postSolution
		SolutionGuid = {36DF4479-AA40-47D8-BC0E-58772704C2DD}
	EndGlobalSection
EndGlobal
